// !$*UTF8*$!
{
	archiveVersion = 1;
	classes = {
	};
	objectVersion = 56;
	objects = {

/* Begin PBXBuildFile section */
		8088C92B29BF4DE2005E0EA7 /* AppDelegate.swift in Sources */ = {isa = PBXBuildFile; fileRef = 8088C92A29BF4DE2005E0EA7 /* AppDelegate.swift */; };
		8088C92D29BF4DE2005E0EA7 /* SceneDelegate.swift in Sources */ = {isa = PBXBuildFile; fileRef = 8088C92C29BF4DE2005E0EA7 /* SceneDelegate.swift */; };
		8088C92F29BF4DE2005E0EA7 /* ViewController.swift in Sources */ = {isa = PBXBuildFile; fileRef = 8088C92E29BF4DE2005E0EA7 /* ViewController.swift */; };
		8088C93229BF4DE2005E0EA7 /* Main.storyboard in Resources */ = {isa = PBXBuildFile; fileRef = 8088C93029BF4DE2005E0EA7 /* Main.storyboard */; };
		8088C93429BF4DE2005E0EA7 /* Assets.xcassets in Resources */ = {isa = PBXBuildFile; fileRef = 8088C93329BF4DE2005E0EA7 /* Assets.xcassets */; };
		8088C93729BF4DE2005E0EA7 /* LaunchScreen.storyboard in Resources */ = {isa = PBXBuildFile; fileRef = 8088C93529BF4DE2005E0EA7 /* LaunchScreen.storyboard */; };
		8088C94229BF4DE2005E0EA7 /* WeatherAppTests.swift in Sources */ = {isa = PBXBuildFile; fileRef = 8088C94129BF4DE2005E0EA7 /* WeatherAppTests.swift */; };
		8088C94C29BF4DE2005E0EA7 /* WeatherAppUITests.swift in Sources */ = {isa = PBXBuildFile; fileRef = 8088C94B29BF4DE2005E0EA7 /* WeatherAppUITests.swift */; };
		8088C94E29BF4DE2005E0EA7 /* WeatherAppUITestsLaunchTests.swift in Sources */ = {isa = PBXBuildFile; fileRef = 8088C94D29BF4DE2005E0EA7 /* WeatherAppUITestsLaunchTests.swift */; };
		8088C96829BF695B005E0EA7 /* APIManager.swift in Sources */ = {isa = PBXBuildFile; fileRef = 8088C96729BF695B005E0EA7 /* APIManager.swift */; };
		8088C96A29BF6E50005E0EA7 /* WeatherData.swift in Sources */ = {isa = PBXBuildFile; fileRef = 8088C96929BF6E50005E0EA7 /* WeatherData.swift */; };
		80F5C17A29C08191005DCB53 /* Protocols.swift in Sources */ = {isa = PBXBuildFile; fileRef = 80F5C17929C08191005DCB53 /* Protocols.swift */; };
		80F5C17C29C08248005DCB53 /* WeatherViewModel.swift in Sources */ = {isa = PBXBuildFile; fileRef = 80F5C17B29C08248005DCB53 /* WeatherViewModel.swift */; };
		80F5C17E29C08B35005DCB53 /* WeatherModel.swift in Sources */ = {isa = PBXBuildFile; fileRef = 80F5C17D29C08B35005DCB53 /* WeatherModel.swift */; };
/* End PBXBuildFile section */

/* Begin PBXContainerItemProxy section */
		8088C93E29BF4DE2005E0EA7 /* PBXContainerItemProxy */ = {
			isa = PBXContainerItemProxy;
			containerPortal = 8088C91F29BF4DE1005E0EA7 /* Project object */;
			proxyType = 1;
			remoteGlobalIDString = 8088C92629BF4DE2005E0EA7;
			remoteInfo = WeatherApp;
		};
		8088C94829BF4DE2005E0EA7 /* PBXContainerItemProxy */ = {
			isa = PBXContainerItemProxy;
			containerPortal = 8088C91F29BF4DE1005E0EA7 /* Project object */;
			proxyType = 1;
			remoteGlobalIDString = 8088C92629BF4DE2005E0EA7;
			remoteInfo = WeatherApp;
		};
/* End PBXContainerItemProxy section */

/* Begin PBXFileReference section */
		8088C92729BF4DE2005E0EA7 /* WeatherApp.app */ = {isa = PBXFileReference; explicitFileType = wrapper.application; includeInIndex = 0; path = WeatherApp.app; sourceTree = BUILT_PRODUCTS_DIR; };
		8088C92A29BF4DE2005E0EA7 /* AppDelegate.swift */ = {isa = PBXFileReference; lastKnownFileType = sourcecode.swift; path = AppDelegate.swift; sourceTree = "<group>"; };
		8088C92C29BF4DE2005E0EA7 /* SceneDelegate.swift */ = {isa = PBXFileReference; lastKnownFileType = sourcecode.swift; path = SceneDelegate.swift; sourceTree = "<group>"; };
		8088C92E29BF4DE2005E0EA7 /* ViewController.swift */ = {isa = PBXFileReference; lastKnownFileType = sourcecode.swift; path = ViewController.swift; sourceTree = "<group>"; };
		8088C93129BF4DE2005E0EA7 /* Base */ = {isa = PBXFileReference; lastKnownFileType = file.storyboard; name = Base; path = Base.lproj/Main.storyboard; sourceTree = "<group>"; };
		8088C93329BF4DE2005E0EA7 /* Assets.xcassets */ = {isa = PBXFileReference; lastKnownFileType = folder.assetcatalog; path = Assets.xcassets; sourceTree = "<group>"; };
		8088C93629BF4DE2005E0EA7 /* Base */ = {isa = PBXFileReference; lastKnownFileType = file.storyboard; name = Base; path = Base.lproj/LaunchScreen.storyboard; sourceTree = "<group>"; };
		8088C93829BF4DE2005E0EA7 /* Info.plist */ = {isa = PBXFileReference; lastKnownFileType = text.plist.xml; path = Info.plist; sourceTree = "<group>"; };
		8088C93D29BF4DE2005E0EA7 /* WeatherAppTests.xctest */ = {isa = PBXFileReference; explicitFileType = wrapper.cfbundle; includeInIndex = 0; path = WeatherAppTests.xctest; sourceTree = BUILT_PRODUCTS_DIR; };
		8088C94129BF4DE2005E0EA7 /* WeatherAppTests.swift */ = {isa = PBXFileReference; lastKnownFileType = sourcecode.swift; path = WeatherAppTests.swift; sourceTree = "<group>"; };
		8088C94729BF4DE2005E0EA7 /* WeatherAppUITests.xctest */ = {isa = PBXFileReference; explicitFileType = wrapper.cfbundle; includeInIndex = 0; path = WeatherAppUITests.xctest; sourceTree = BUILT_PRODUCTS_DIR; };
		8088C94B29BF4DE2005E0EA7 /* WeatherAppUITests.swift */ = {isa = PBXFileReference; lastKnownFileType = sourcecode.swift; path = WeatherAppUITests.swift; sourceTree = "<group>"; };
		8088C94D29BF4DE2005E0EA7 /* WeatherAppUITestsLaunchTests.swift */ = {isa = PBXFileReference; lastKnownFileType = sourcecode.swift; path = WeatherAppUITestsLaunchTests.swift; sourceTree = "<group>"; };
		8088C96729BF695B005E0EA7 /* APIManager.swift */ = {isa = PBXFileReference; lastKnownFileType = sourcecode.swift; path = APIManager.swift; sourceTree = "<group>"; };
		8088C96929BF6E50005E0EA7 /* WeatherData.swift */ = {isa = PBXFileReference; lastKnownFileType = sourcecode.swift; path = WeatherData.swift; sourceTree = "<group>"; };
		80F5C17929C08191005DCB53 /* Protocols.swift */ = {isa = PBXFileReference; lastKnownFileType = sourcecode.swift; path = Protocols.swift; sourceTree = "<group>"; };
		80F5C17B29C08248005DCB53 /* WeatherViewModel.swift */ = {isa = PBXFileReference; lastKnownFileType = sourcecode.swift; path = WeatherViewModel.swift; sourceTree = "<group>"; };
		80F5C17D29C08B35005DCB53 /* WeatherModel.swift */ = {isa = PBXFileReference; lastKnownFileType = sourcecode.swift; path = WeatherModel.swift; sourceTree = "<group>"; };
/* End PBXFileReference section */

/* Begin PBXFrameworksBuildPhase section */
		8088C92429BF4DE2005E0EA7 /* Frameworks */ = {
			isa = PBXFrameworksBuildPhase;
			buildActionMask = 2147483647;
			files = (
			);
			runOnlyForDeploymentPostprocessing = 0;
		};
		8088C93A29BF4DE2005E0EA7 /* Frameworks */ = {
			isa = PBXFrameworksBuildPhase;
			buildActionMask = 2147483647;
			files = (
			);
			runOnlyForDeploymentPostprocessing = 0;
		};
		8088C94429BF4DE2005E0EA7 /* Frameworks */ = {
			isa = PBXFrameworksBuildPhase;
			buildActionMask = 2147483647;
			files = (
			);
			runOnlyForDeploymentPostprocessing = 0;
		};
/* End PBXFrameworksBuildPhase section */

/* Begin PBXGroup section */
		8088C91E29BF4DE1005E0EA7 = {
			isa = PBXGroup;
			children = (
				8088C92929BF4DE2005E0EA7 /* WeatherApp */,
				8088C94029BF4DE2005E0EA7 /* WeatherAppTests */,
				8088C94A29BF4DE2005E0EA7 /* WeatherAppUITests */,
				8088C92829BF4DE2005E0EA7 /* Products */,
			);
			sourceTree = "<group>";
		};
		8088C92829BF4DE2005E0EA7 /* Products */ = {
			isa = PBXGroup;
			children = (
				8088C92729BF4DE2005E0EA7 /* WeatherApp.app */,
				8088C93D29BF4DE2005E0EA7 /* WeatherAppTests.xctest */,
				8088C94729BF4DE2005E0EA7 /* WeatherAppUITests.xctest */,
			);
			name = Products;
			sourceTree = "<group>";
		};
		8088C92929BF4DE2005E0EA7 /* WeatherApp */ = {
			isa = PBXGroup;
			children = (
				80F5C17829C08189005DCB53 /* Protocols */,
				8088C96629BF6951005E0EA7 /* Services */,
				8088C96529BF64A3005E0EA7 /* ViewModel */,
				8088C96429BF64A0005E0EA7 /* View */,
				8088C96329BF649C005E0EA7 /* Model */,
				8088C92A29BF4DE2005E0EA7 /* AppDelegate.swift */,
				8088C92C29BF4DE2005E0EA7 /* SceneDelegate.swift */,
				8088C92E29BF4DE2005E0EA7 /* ViewController.swift */,
				8088C93029BF4DE2005E0EA7 /* Main.storyboard */,
				8088C93329BF4DE2005E0EA7 /* Assets.xcassets */,
				8088C93529BF4DE2005E0EA7 /* LaunchScreen.storyboard */,
				8088C93829BF4DE2005E0EA7 /* Info.plist */,
			);
			path = WeatherApp;
			sourceTree = "<group>";
		};
		8088C94029BF4DE2005E0EA7 /* WeatherAppTests */ = {
			isa = PBXGroup;
			children = (
				8088C94129BF4DE2005E0EA7 /* WeatherAppTests.swift */,
			);
			path = WeatherAppTests;
			sourceTree = "<group>";
		};
		8088C94A29BF4DE2005E0EA7 /* WeatherAppUITests */ = {
			isa = PBXGroup;
			children = (
				8088C94B29BF4DE2005E0EA7 /* WeatherAppUITests.swift */,
				8088C94D29BF4DE2005E0EA7 /* WeatherAppUITestsLaunchTests.swift */,
			);
			path = WeatherAppUITests;
			sourceTree = "<group>";
		};
		8088C96329BF649C005E0EA7 /* Model */ = {
			isa = PBXGroup;
			children = (
				8088C96929BF6E50005E0EA7 /* WeatherData.swift */,
				80F5C17D29C08B35005DCB53 /* WeatherModel.swift */,
			);
			path = Model;
			sourceTree = "<group>";
		};
		8088C96429BF64A0005E0EA7 /* View */ = {
			isa = PBXGroup;
			children = (
			);
			path = View;
			sourceTree = "<group>";
		};
		8088C96529BF64A3005E0EA7 /* ViewModel */ = {
			isa = PBXGroup;
			children = (
				80F5C17B29C08248005DCB53 /* WeatherViewModel.swift */,
			);
			path = ViewModel;
			sourceTree = "<group>";
		};
		8088C96629BF6951005E0EA7 /* Services */ = {
			isa = PBXGroup;
			children = (
				8088C96729BF695B005E0EA7 /* APIManager.swift */,
			);
			path = Services;
			sourceTree = "<group>";
		};
		80F5C17829C08189005DCB53 /* Protocols */ = {
			isa = PBXGroup;
			children = (
				80F5C17929C08191005DCB53 /* Protocols.swift */,
			);
			path = Protocols;
			sourceTree = "<group>";
		};
/* End PBXGroup section */

/* Begin PBXNativeTarget section */
		8088C92629BF4DE2005E0EA7 /* WeatherApp */ = {
			isa = PBXNativeTarget;
			buildConfigurationList = 8088C95129BF4DE2005E0EA7 /* Build configuration list for PBXNativeTarget "WeatherApp" */;
			buildPhases = (
				8088C92329BF4DE2005E0EA7 /* Sources */,
				8088C92429BF4DE2005E0EA7 /* Frameworks */,
				8088C92529BF4DE2005E0EA7 /* Resources */,
			);
			buildRules = (
			);
			dependencies = (
			);
			name = WeatherApp;
			productName = WeatherApp;
			productReference = 8088C92729BF4DE2005E0EA7 /* WeatherApp.app */;
			productType = "com.apple.product-type.application";
		};
		8088C93C29BF4DE2005E0EA7 /* WeatherAppTests */ = {
			isa = PBXNativeTarget;
			buildConfigurationList = 8088C95429BF4DE2005E0EA7 /* Build configuration list for PBXNativeTarget "WeatherAppTests" */;
			buildPhases = (
				8088C93929BF4DE2005E0EA7 /* Sources */,
				8088C93A29BF4DE2005E0EA7 /* Frameworks */,
				8088C93B29BF4DE2005E0EA7 /* Resources */,
			);
			buildRules = (
			);
			dependencies = (
				8088C93F29BF4DE2005E0EA7 /* PBXTargetDependency */,
			);
			name = WeatherAppTests;
			productName = WeatherAppTests;
			productReference = 8088C93D29BF4DE2005E0EA7 /* WeatherAppTests.xctest */;
			productType = "com.apple.product-type.bundle.unit-test";
		};
		8088C94629BF4DE2005E0EA7 /* WeatherAppUITests */ = {
			isa = PBXNativeTarget;
			buildConfigurationList = 8088C95729BF4DE2005E0EA7 /* Build configuration list for PBXNativeTarget "WeatherAppUITests" */;
			buildPhases = (
				8088C94329BF4DE2005E0EA7 /* Sources */,
				8088C94429BF4DE2005E0EA7 /* Frameworks */,
				8088C94529BF4DE2005E0EA7 /* Resources */,
			);
			buildRules = (
			);
			dependencies = (
				8088C94929BF4DE2005E0EA7 /* PBXTargetDependency */,
			);
			name = WeatherAppUITests;
			productName = WeatherAppUITests;
			productReference = 8088C94729BF4DE2005E0EA7 /* WeatherAppUITests.xctest */;
			productType = "com.apple.product-type.bundle.ui-testing";
		};
/* End PBXNativeTarget section */

/* Begin PBXProject section */
		8088C91F29BF4DE1005E0EA7 /* Project object */ = {
			isa = PBXProject;
			attributes = {
				BuildIndependentTargetsInParallel = 1;
				LastSwiftUpdateCheck = 1420;
				LastUpgradeCheck = 1420;
				TargetAttributes = {
					8088C92629BF4DE2005E0EA7 = {
						CreatedOnToolsVersion = 14.2;
					};
					8088C93C29BF4DE2005E0EA7 = {
						CreatedOnToolsVersion = 14.2;
						TestTargetID = 8088C92629BF4DE2005E0EA7;
					};
					8088C94629BF4DE2005E0EA7 = {
						CreatedOnToolsVersion = 14.2;
						TestTargetID = 8088C92629BF4DE2005E0EA7;
					};
				};
			};
			buildConfigurationList = 8088C92229BF4DE2005E0EA7 /* Build configuration list for PBXProject "WeatherApp" */;
			compatibilityVersion = "Xcode 14.0";
			developmentRegion = en;
			hasScannedForEncodings = 0;
			knownRegions = (
				en,
				Base,
			);
			mainGroup = 8088C91E29BF4DE1005E0EA7;
			productRefGroup = 8088C92829BF4DE2005E0EA7 /* Products */;
			projectDirPath = "";
			projectRoot = "";
			targets = (
				8088C92629BF4DE2005E0EA7 /* WeatherApp */,
				8088C93C29BF4DE2005E0EA7 /* WeatherAppTests */,
				8088C94629BF4DE2005E0EA7 /* WeatherAppUITests */,
			);
		};
/* End PBXProject section */

/* Begin PBXResourcesBuildPhase section */
		8088C92529BF4DE2005E0EA7 /* Resources */ = {
			isa = PBXResourcesBuildPhase;
			buildActionMask = 2147483647;
			files = (
				8088C93729BF4DE2005E0EA7 /* LaunchScreen.storyboard in Resources */,
				8088C93429BF4DE2005E0EA7 /* Assets.xcassets in Resources */,
				8088C93229BF4DE2005E0EA7 /* Main.storyboard in Resources */,
			);
			runOnlyForDeploymentPostprocessing = 0;
		};
		8088C93B29BF4DE2005E0EA7 /* Resources */ = {
			isa = PBXResourcesBuildPhase;
			buildActionMask = 2147483647;
			files = (
			);
			runOnlyForDeploymentPostprocessing = 0;
		};
		8088C94529BF4DE2005E0EA7 /* Resources */ = {
			isa = PBXResourcesBuildPhase;
			buildActionMask = 2147483647;
			files = (
			);
			runOnlyForDeploymentPostprocessing = 0;
		};
/* End PBXResourcesBuildPhase section */

/* Begin PBXSourcesBuildPhase section */
		8088C92329BF4DE2005E0EA7 /* Sources */ = {
			isa = PBXSourcesBuildPhase;
			buildActionMask = 2147483647;
			files = (
				8088C96829BF695B005E0EA7 /* APIManager.swift in Sources */,
				8088C96A29BF6E50005E0EA7 /* WeatherData.swift in Sources */,
				8088C92F29BF4DE2005E0EA7 /* ViewController.swift in Sources */,
				80F5C17C29C08248005DCB53 /* WeatherViewModel.swift in Sources */,
				80F5C17A29C08191005DCB53 /* Protocols.swift in Sources */,
				8088C92B29BF4DE2005E0EA7 /* AppDelegate.swift in Sources */,
				80F5C17E29C08B35005DCB53 /* WeatherModel.swift in Sources */,
				8088C92D29BF4DE2005E0EA7 /* SceneDelegate.swift in Sources */,
			);
			runOnlyForDeploymentPostprocessing = 0;
		};
		8088C93929BF4DE2005E0EA7 /* Sources */ = {
			isa = PBXSourcesBuildPhase;
			buildActionMask = 2147483647;
			files = (
				8088C94229BF4DE2005E0EA7 /* WeatherAppTests.swift in Sources */,
			);
			runOnlyForDeploymentPostprocessing = 0;
		};
		8088C94329BF4DE2005E0EA7 /* Sources */ = {
			isa = PBXSourcesBuildPhase;
			buildActionMask = 2147483647;
			files = (
				8088C94C29BF4DE2005E0EA7 /* WeatherAppUITests.swift in Sources */,
				8088C94E29BF4DE2005E0EA7 /* WeatherAppUITestsLaunchTests.swift in Sources */,
			);
			runOnlyForDeploymentPostprocessing = 0;
		};
/* End PBXSourcesBuildPhase section */

/* Begin PBXTargetDependency section */
		8088C93F29BF4DE2005E0EA7 /* PBXTargetDependency */ = {
			isa = PBXTargetDependency;
			target = 8088C92629BF4DE2005E0EA7 /* WeatherApp */;
			targetProxy = 8088C93E29BF4DE2005E0EA7 /* PBXContainerItemProxy */;
		};
		8088C94929BF4DE2005E0EA7 /* PBXTargetDependency */ = {
			isa = PBXTargetDependency;
			target = 8088C92629BF4DE2005E0EA7 /* WeatherApp */;
			targetProxy = 8088C94829BF4DE2005E0EA7 /* PBXContainerItemProxy */;
		};
/* End PBXTargetDependency section */

/* Begin PBXVariantGroup section */
		8088C93029BF4DE2005E0EA7 /* Main.storyboard */ = {
			isa = PBXVariantGroup;
			children = (
				8088C93129BF4DE2005E0EA7 /* Base */,
			);
			name = Main.storyboard;
			sourceTree = "<group>";
		};
		8088C93529BF4DE2005E0EA7 /* LaunchScreen.storyboard */ = {
			isa = PBXVariantGroup;
			children = (
				8088C93629BF4DE2005E0EA7 /* Base */,
			);
			name = LaunchScreen.storyboard;
			sourceTree = "<group>";
		};
/* End PBXVariantGroup section */

/* Begin XCBuildConfiguration section */
		8088C94F29BF4DE2005E0EA7 /* Debug */ = {
			isa = XCBuildConfiguration;
			buildSettings = {
				ALWAYS_SEARCH_USER_PATHS = NO;
				CLANG_ANALYZER_NONNULL = YES;
				CLANG_ANALYZER_NUMBER_OBJECT_CONVERSION = YES_AGGRESSIVE;
				CLANG_CXX_LANGUAGE_STANDARD = "gnu++20";
				CLANG_ENABLE_MODULES = YES;
				CLANG_ENABLE_OBJC_ARC = YES;
				CLANG_ENABLE_OBJC_WEAK = YES;
				CLANG_WARN_BLOCK_CAPTURE_AUTORELEASING = YES;
				CLANG_WARN_BOOL_CONVERSION = YES;
				CLANG_WARN_COMMA = YES;
				CLANG_WARN_CONSTANT_CONVERSION = YES;
				CLANG_WARN_DEPRECATED_OBJC_IMPLEMENTATIONS = YES;
				CLANG_WARN_DIRECT_OBJC_ISA_USAGE = YES_ERROR;
				CLANG_WARN_DOCUMENTATION_COMMENTS = YES;
				CLANG_WARN_EMPTY_BODY = YES;
				CLANG_WARN_ENUM_CONVERSION = YES;
				CLANG_WARN_INFINITE_RECURSION = YES;
				CLANG_WARN_INT_CONVERSION = YES;
				CLANG_WARN_NON_LITERAL_NULL_CONVERSION = YES;
				CLANG_WARN_OBJC_IMPLICIT_RETAIN_SELF = YES;
				CLANG_WARN_OBJC_LITERAL_CONVERSION = YES;
				CLANG_WARN_OBJC_ROOT_CLASS = YES_ERROR;
				CLANG_WARN_QUOTED_INCLUDE_IN_FRAMEWORK_HEADER = YES;
				CLANG_WARN_RANGE_LOOP_ANALYSIS = YES;
				CLANG_WARN_STRICT_PROTOTYPES = YES;
				CLANG_WARN_SUSPICIOUS_MOVE = YES;
				CLANG_WARN_UNGUARDED_AVAILABILITY = YES_AGGRESSIVE;
				CLANG_WARN_UNREACHABLE_CODE = YES;
				CLANG_WARN__DUPLICATE_METHOD_MATCH = YES;
				COPY_PHASE_STRIP = NO;
				DEBUG_INFORMATION_FORMAT = dwarf;
				ENABLE_STRICT_OBJC_MSGSEND = YES;
				ENABLE_TESTABILITY = YES;
				GCC_C_LANGUAGE_STANDARD = gnu11;
				GCC_DYNAMIC_NO_PIC = NO;
				GCC_NO_COMMON_BLOCKS = YES;
				GCC_OPTIMIZATION_LEVEL = 0;
				GCC_PREPROCESSOR_DEFINITIONS = (
					"DEBUG=1",
					"$(inherited)",
				);
				GCC_WARN_64_TO_32_BIT_CONVERSION = YES;
				GCC_WARN_ABOUT_RETURN_TYPE = YES_ERROR;
				GCC_WARN_UNDECLARED_SELECTOR = YES;
				GCC_WARN_UNINITIALIZED_AUTOS = YES_AGGRESSIVE;
				GCC_WARN_UNUSED_FUNCTION = YES;
				GCC_WARN_UNUSED_VARIABLE = YES;
				IPHONEOS_DEPLOYMENT_TARGET = 16.2;
				MTL_ENABLE_DEBUG_INFO = INCLUDE_SOURCE;
				MTL_FAST_MATH = YES;
				ONLY_ACTIVE_ARCH = YES;
				SDKROOT = iphoneos;
				SWIFT_ACTIVE_COMPILATION_CONDITIONS = DEBUG;
				SWIFT_OPTIMIZATION_LEVEL = "-Onone";
			};
			name = Debug;
		};
		8088C95029BF4DE2005E0EA7 /* Release */ = {
			isa = XCBuildConfiguration;
			buildSettings = {
				ALWAYS_SEARCH_USER_PATHS = NO;
				CLANG_ANALYZER_NONNULL = YES;
				CLANG_ANALYZER_NUMBER_OBJECT_CONVERSION = YES_AGGRESSIVE;
				CLANG_CXX_LANGUAGE_STANDARD = "gnu++20";
				CLANG_ENABLE_MODULES = YES;
				CLANG_ENABLE_OBJC_ARC = YES;
				CLANG_ENABLE_OBJC_WEAK = YES;
				CLANG_WARN_BLOCK_CAPTURE_AUTORELEASING = YES;
				CLANG_WARN_BOOL_CONVERSION = YES;
				CLANG_WARN_COMMA = YES;
				CLANG_WARN_CONSTANT_CONVERSION = YES;
				CLANG_WARN_DEPRECATED_OBJC_IMPLEMENTATIONS = YES;
				CLANG_WARN_DIRECT_OBJC_ISA_USAGE = YES_ERROR;
				CLANG_WARN_DOCUMENTATION_COMMENTS = YES;
				CLANG_WARN_EMPTY_BODY = YES;
				CLANG_WARN_ENUM_CONVERSION = YES;
				CLANG_WARN_INFINITE_RECURSION = YES;
				CLANG_WARN_INT_CONVERSION = YES;
				CLANG_WARN_NON_LITERAL_NULL_CONVERSION = YES;
				CLANG_WARN_OBJC_IMPLICIT_RETAIN_SELF = YES;
				CLANG_WARN_OBJC_LITERAL_CONVERSION = YES;
				CLANG_WARN_OBJC_ROOT_CLASS = YES_ERROR;
				CLANG_WARN_QUOTED_INCLUDE_IN_FRAMEWORK_HEADER = YES;
				CLANG_WARN_RANGE_LOOP_ANALYSIS = YES;
				CLANG_WARN_STRICT_PROTOTYPES = YES;
				CLANG_WARN_SUSPICIOUS_MOVE = YES;
				CLANG_WARN_UNGUARDED_AVAILABILITY = YES_AGGRESSIVE;
				CLANG_WARN_UNREACHABLE_CODE = YES;
				CLANG_WARN__DUPLICATE_METHOD_MATCH = YES;
				COPY_PHASE_STRIP = NO;
				DEBUG_INFORMATION_FORMAT = "dwarf-with-dsym";
				ENABLE_NS_ASSERTIONS = NO;
				ENABLE_STRICT_OBJC_MSGSEND = YES;
				GCC_C_LANGUAGE_STANDARD = gnu11;
				GCC_NO_COMMON_BLOCKS = YES;
				GCC_WARN_64_TO_32_BIT_CONVERSION = YES;
				GCC_WARN_ABOUT_RETURN_TYPE = YES_ERROR;
				GCC_WARN_UNDECLARED_SELECTOR = YES;
				GCC_WARN_UNINITIALIZED_AUTOS = YES_AGGRESSIVE;
				GCC_WARN_UNUSED_FUNCTION = YES;
				GCC_WARN_UNUSED_VARIABLE = YES;
				IPHONEOS_DEPLOYMENT_TARGET = 16.2;
				MTL_ENABLE_DEBUG_INFO = NO;
				MTL_FAST_MATH = YES;
				SDKROOT = iphoneos;
				SWIFT_COMPILATION_MODE = wholemodule;
				SWIFT_OPTIMIZATION_LEVEL = "-O";
				VALIDATE_PRODUCT = YES;
			};
			name = Release;
		};
		8088C95229BF4DE2005E0EA7 /* Debug */ = {
			isa = XCBuildConfiguration;
			buildSettings = {
				ASSETCATALOG_COMPILER_APPICON_NAME = AppIcon;
				ASSETCATALOG_COMPILER_GLOBAL_ACCENT_COLOR_NAME = AccentColor;
				CODE_SIGN_STYLE = Automatic;
				CURRENT_PROJECT_VERSION = 1;
				DEVELOPMENT_TEAM = 936XSD7LYL;
				GENERATE_INFOPLIST_FILE = YES;
				INFOPLIST_FILE = WeatherApp/Info.plist;
				INFOPLIST_KEY_UIApplicationSupportsIndirectInputEvents = YES;
				INFOPLIST_KEY_UILaunchStoryboardName = LaunchScreen;
				INFOPLIST_KEY_UIMainStoryboardFile = Main;
				INFOPLIST_KEY_UISupportedInterfaceOrientations_iPad = "UIInterfaceOrientationPortrait UIInterfaceOrientationPortraitUpsideDown UIInterfaceOrientationLandscapeLeft UIInterfaceOrientationLandscapeRight";
				INFOPLIST_KEY_UISupportedInterfaceOrientations_iPhone = "UIInterfaceOrientationPortrait UIInterfaceOrientationLandscapeLeft UIInterfaceOrientationLandscapeRight";
				LD_RUNPATH_SEARCH_PATHS = (
					"$(inherited)",
					"@executable_path/Frameworks",
				);
				MARKETING_VERSION = 1.0;
				PRODUCT_BUNDLE_IDENTIFIER = ibrahimmbyrrm.WeatherApp;
				PRODUCT_NAME = "$(TARGET_NAME)";
				SWIFT_EMIT_LOC_STRINGS = YES;
				SWIFT_VERSION = 5.0;
				TARGETED_DEVICE_FAMILY = "1,2";
			};
			name = Debug;
		};
		8088C95329BF4DE2005E0EA7 /* Release */ = {
			isa = XCBuildConfiguration;
			buildSettings = {
				ASSETCATALOG_COMPILER_APPICON_NAME = AppIcon;
				ASSETCATALOG_COMPILER_GLOBAL_ACCENT_COLOR_NAME = AccentColor;
				CODE_SIGN_STYLE = Automatic;
				CURRENT_PROJECT_VERSION = 1;
				DEVELOPMENT_TEAM = 936XSD7LYL;
				GENERATE_INFOPLIST_FILE = YES;
				INFOPLIST_FILE = WeatherApp/Info.plist;
				INFOPLIST_KEY_UIApplicationSupportsIndirectInputEvents = YES;
				INFOPLIST_KEY_UILaunchStoryboardName = LaunchScreen;
				INFOPLIST_KEY_UIMainStoryboardFile = Main;
				INFOPLIST_KEY_UISupportedInterfaceOrientations_iPad = "UIInterfaceOrientationPortrait UIInterfaceOrientationPortraitUpsideDown UIInterfaceOrientationLandscapeLeft UIInterfaceOrientationLandscapeRight";
				INFOPLIST_KEY_UISupportedInterfaceOrientations_iPhone = "UIInterfaceOrientationPortrait UIInterfaceOrientationLandscapeLeft UIInterfaceOrientationLandscapeRight";
				LD_RUNPATH_SEARCH_PATHS = (
					"$(inherited)",
					"@executable_path/Frameworks",
				);
				MARKETING_VERSION = 1.0;
				PRODUCT_BUNDLE_IDENTIFIER = ibrahimmbyrrm.WeatherApp;
				PRODUCT_NAME = "$(TARGET_NAME)";
				SWIFT_EMIT_LOC_STRINGS = YES;
				SWIFT_VERSION = 5.0;
				TARGETED_DEVICE_FAMILY = "1,2";
			};
			name = Release;
		};
		8088C95529BF4DE2005E0EA7 /* Debug */ = {
			isa = XCBuildConfiguration;
			buildSettings = {
				ALWAYS_EMBED_SWIFT_STANDARD_LIBRARIES = YES;
				BUNDLE_LOADER = "$(TEST_HOST)";
				CODE_SIGN_STYLE = Automatic;
				CURRENT_PROJECT_VERSION = 1;
				DEVELOPMENT_TEAM = 936XSD7LYL;
				GENERATE_INFOPLIST_FILE = YES;
				IPHONEOS_DEPLOYMENT_TARGET = 16.2;
				MARKETING_VERSION = 1.0;
				PRODUCT_BUNDLE_IDENTIFIER = ibrahimmbyrrm.WeatherAppTests;
				PRODUCT_NAME = "$(TARGET_NAME)";
				SWIFT_EMIT_LOC_STRINGS = NO;
				SWIFT_VERSION = 5.0;
				TARGETED_DEVICE_FAMILY = "1,2";
				TEST_HOST = "$(BUILT_PRODUCTS_DIR)/WeatherApp.app/$(BUNDLE_EXECUTABLE_FOLDER_PATH)/WeatherApp";
			};
			name = Debug;
		};
		8088C95629BF4DE2005E0EA7 /* Release */ = {
			isa = XCBuildConfiguration;
			buildSettings = {
				ALWAYS_EMBED_SWIFT_STANDARD_LIBRARIES = YES;
				BUNDLE_LOADER = "$(TEST_HOST)";
				CODE_SIGN_STYLE = Automatic;
				CURRENT_PROJECT_VERSION = 1;
				DEVELOPMENT_TEAM = 936XSD7LYL;
				GENERATE_INFOPLIST_FILE = YES;
				IPHONEOS_DEPLOYMENT_TARGET = 16.2;
				MARKETING_VERSION = 1.0;
				PRODUCT_BUNDLE_IDENTIFIER = ibrahimmbyrrm.WeatherAppTests;
				PRODUCT_NAME = "$(TARGET_NAME)";
				SWIFT_EMIT_LOC_STRINGS = NO;
				SWIFT_VERSION = 5.0;
				TARGETED_DEVICE_FAMILY = "1,2";
				TEST_HOST = "$(BUILT_PRODUCTS_DIR)/WeatherApp.app/$(BUNDLE_EXECUTABLE_FOLDER_PATH)/WeatherApp";
			};
			name = Release;
		};
		8088C95829BF4DE2005E0EA7 /* Debug */ = {
			isa = XCBuildConfiguration;
			buildSettings = {
				ALWAYS_EMBED_SWIFT_STANDARD_LIBRARIES = YES;
				CODE_SIGN_STYLE = Automatic;
				CURRENT_PROJECT_VERSION = 1;
				DEVELOPMENT_TEAM = 936XSD7LYL;
				GENERATE_INFOPLIST_FILE = YES;
				MARKETING_VERSION = 1.0;
				PRODUCT_BUNDLE_IDENTIFIER = ibrahimmbyrrm.WeatherAppUITests;
				PRODUCT_NAME = "$(TARGET_NAME)";
				SWIFT_EMIT_LOC_STRINGS = NO;
				SWIFT_VERSION = 5.0;
				TARGETED_DEVICE_FAMILY = "1,2";
				TEST_TARGET_NAME = WeatherApp;
			};
			name = Debug;
		};
		8088C95929BF4DE2005E0EA7 /* Release */ = {
			isa = XCBuildConfiguration;
			buildSettings = {
				ALWAYS_EMBED_SWIFT_STANDARD_LIBRARIES = YES;
				CODE_SIGN_STYLE = Automatic;
				CURRENT_PROJECT_VERSION = 1;
				DEVELOPMENT_TEAM = 936XSD7LYL;
				GENERATE_INFOPLIST_FILE = YES;
				MARKETING_VERSION = 1.0;
				PRODUCT_BUNDLE_IDENTIFIER = ibrahimmbyrrm.WeatherAppUITests;
				PRODUCT_NAME = "$(TARGET_NAME)";
				SWIFT_EMIT_LOC_STRINGS = NO;
				SWIFT_VERSION = 5.0;
				TARGETED_DEVICE_FAMILY = "1,2";
				TEST_TARGET_NAME = WeatherApp;
			};
			name = Release;
		};
/* End XCBuildConfiguration section */

/* Begin XCConfigurationList section */
		8088C92229BF4DE2005E0EA7 /* Build configuration list for PBXProject "WeatherApp" */ = {
			isa = XCConfigurationList;
			buildConfigurations = (
				8088C94F29BF4DE2005E0EA7 /* Debug */,
				8088C95029BF4DE2005E0EA7 /* Release */,
			);
			defaultConfigurationIsVisible = 0;
			defaultConfigurationName = Release;
		};
		8088C95129BF4DE2005E0EA7 /* Build configuration list for PBXNativeTarget "WeatherApp" */ = {
			isa = XCConfigurationList;
			buildConfigurations = (
				8088C95229BF4DE2005E0EA7 /* Debug */,
				8088C95329BF4DE2005E0EA7 /* Release */,
			);
			defaultConfigurationIsVisible = 0;
			defaultConfigurationName = Release;
		};
		8088C95429BF4DE2005E0EA7 /* Build configuration list for PBXNativeTarget "WeatherAppTests" */ = {
			isa = XCConfigurationList;
			buildConfigurations = (
				8088C95529BF4DE2005E0EA7 /* Debug */,
				8088C95629BF4DE2005E0EA7 /* Release */,
			);
			defaultConfigurationIsVisible = 0;
			defaultConfigurationName = Release;
		};
		8088C95729BF4DE2005E0EA7 /* Build configuration list for PBXNativeTarget "WeatherAppUITests" */ = {
			isa = XCConfigurationList;
			buildConfigurations = (
				8088C95829BF4DE2005E0EA7 /* Debug */,
				8088C95929BF4DE2005E0EA7 /* Release */,
			);
			defaultConfigurationIsVisible = 0;
			defaultConfigurationName = Release;
		};
/* End XCConfigurationList section */
	};
	rootObject = 8088C91F29BF4DE1005E0EA7 /* Project object */;
}
